// !$*UTF8*$!
{
	archiveVersion = 1;
	classes = {
	};
	objectVersion = 77;
	objects = {

/* Begin PBXBuildFile section */
		4C9802432FB3833500D42DCC /* MapLibre in Frameworks */ = {isa = PBXBuildFile; productRef = 4C9802422FB3833500D42DCC /* MapLibre */; };
/* End PBXBuildFile section */

/* Begin PBXFileReference section */
		4C114B4C2FAA163800C84F7C /* GroupIn.app */ = {isa = PBXFileReference; explicitFileType = wrapper.application; includeInIndex = 0; path = GroupIn.app; sourceTree = BUILT_PRODUCTS_DIR; };
/* End PBXFileReference section */

/* Begin PBXFileSystemSynchronizedBuildFileExceptionSet section */
		4CA1F00D2FB5163800C84F7C /* Exceptions for "GroupIn" folder in "GroupIn" target */ = {
			isa = PBXFileSystemSynchronizedBuildFileExceptionSet;
			membershipExceptions = (
				Info.plist,
			);
			target = 4C114B4B2FAA163800C84F7C /* GroupIn */;
		};
/* End PBXFileSystemSynchronizedBuildFileExceptionSet section */

/* Begin PBXFileSystemSynchronizedRootGroup section */
		4C114B4E2FAA163800C84F7C /* GroupIn */ = {
			isa = PBXFileSystemSynchronizedRootGroup;
			exceptions = (
				4CA1F00D2FB5163800C84F7C /* Exceptions for "GroupIn" folder in "GroupIn" target */,
			);
			path = GroupIn;
			sourceTree = "<group>";
		};
/* End PBXFileSystemSynchronizedRootGroup section */

/* Begin PBXFrameworksBuildPhase section */
		4C114B492FAA163800C84F7C /* Frameworks */ = {
			isa = PBXFrameworksBuildPhase;
			buildActionMask = 2147483647;
			files = (
				4C9802432FB3833500D42DCC /* MapLibre in Frameworks */,
			);
			runOnlyForDeploymentPostprocessing = 0;
		};
/* End PBXFrameworksBuildPhase section */

/* Begin PBXGroup section */
		4C114B432FAA163800C84F7C = {
			isa = PBXGroup;
			children = (
				4C114B4E2FAA163800C84F7C /* GroupIn */,
				4C114B4D2FAA163800C84F7C /* Products */,
			);
			sourceTree = "<group>";
		};
		4C114B4D2FAA163800C84F7C /* Products */ = {
			isa = PBXGroup;
			children = (
				4C114B4C2FAA163800C84F7C /* GroupIn.app */,
			);
			name = Products;
			sourceTree = "<group>";
		};
/* End PBXGroup section */

/* Begin PBXNativeTarget section */
		4C114B4B2FAA163800C84F7C /* GroupIn */ = {
			isa = PBXNativeTarget;
			buildConfigurationList = 4C114B572FAA163900C84F7C /* Build configuration list for PBXNativeTarget "GroupIn" */;
			buildPhases = (
				4C114B482FAA163800C84F7C /* Sources */,
				4C114B492FAA163800C84F7C /* Frameworks */,
				4C114B4A2FAA163800C84F7C /* Resources */,
			);
			buildRules = (
			);
			dependencies = (
			);
			fileSystemSynchronizedGroups = (
				4C114B4E2FAA163800C84F7C /* GroupIn */,
			);
			name = GroupIn;
			packageProductDependencies = (
				4C9802422FB3833500D42DCC /* MapLibre */,
			);
			productName = GroupIn;
			productReference = 4C114B4C2FAA163800C84F7C /* GroupIn.app */;
			productType = "com.apple.product-type.application";
		};
/* End PBXNativeTarget section */

/* Begin PBXProject section */
		4C114B442FAA163800C84F7C /* Project object */ = {
			isa = PBXProject;
			attributes = {
				BuildIndependentTargetsInParallel = 1;
				LastSwiftUpdateCheck = 2620;
				LastUpgradeCheck = 2620;
				TargetAttributes = {
					4C114B4B2FAA163800C84F7C = {
						CreatedOnToolsVersion = 26.2;
					};
				};
			};
			buildConfigurationList = 4C114B472FAA163800C84F7C /* Build configuration list for PBXProject "GroupIn" */;
			developmentRegion = en;
			hasScannedForEncodings = 0;
			knownRegions = (
				en,
				Base,
			);
			mainGroup = 4C114B432FAA163800C84F7C;
			minimizedProjectReferenceProxies = 1;
			packageReferences = (
				4C9802412FB3833500D42DCC /* XCRemoteSwiftPackageReference "maplibre-native-distribution" */,
			);
			preferredProjectObjectVersion = 77;
			productRefGroup = 4C114B4D2FAA163800C84F7C /* Products */;
			projectDirPath = "";
			projectRoot = "";
			targets = (
				4C114B4B2FAA163800C84F7C /* GroupIn */,
			);
		};
/* End PBXProject section */

/* Begin PBXResourcesBuildPhase section */
		4C114B4A2FAA163800C84F7C /* Resources */ = {
			isa = PBXResourcesBuildPhase;
			buildActionMask = 2147483647;
			files = (
			);
			runOnlyForDeploymentPostprocessing = 0;
		};
/* End PBXResourcesBuildPhase section */

/* Begin PBXSourcesBuildPhase section */
		4C114B482FAA163800C84F7C /* Sources */ = {
			isa = PBXSourcesBuildPhase;
			buildActionMask = 2147483647;
			files = (
			);
			runOnlyForDeploymentPostprocessing = 0;
		};
/* End PBXSourcesBuildPhase section */

/* Begin XCBuildConfiguration section */
		4C114B552FAA163900C84F7C /* Debug */ = {
			isa = XCBuildConfiguration;
			buildSettings = {
				ALWAYS_SEARCH_USER_PATHS = NO;
				ASSETCATALOG_COMPILER_GENERATE_SWIFT_ASSET_SYMBOL_EXTENSIONS = YES;
				CLANG_ANALYZER_NONNULL = YES;
				CLANG_ANALYZER_NUMBER_OBJECT_CONVERSION = YES_AGGRESSIVE;
				CLANG_CXX_LANGUAGE_STANDARD = "gnu++20";
				CLANG_ENABLE_MODULES = YES;
				CLANG_ENABLE_OBJC_ARC = YES;
				CLANG_ENABLE_OBJC_WEAK = YES;
				CLANG_WARN_BLOCK_CAPTURE_AUTORELEASING = YES;
				CLANG_WARN_BOOL_CONVERSION = YES;
				CLANG_WARN_COMMA = YES;
				CLANG_WARN_CONSTANT_CONVERSION = YES;
				CLANG_WARN_DEPRECATED_OBJC_IMPLEMENTATIONS = YES;
				CLANG_WARN_DIRECT_OBJC_ISA_USAGE = YES_ERROR;
				CLANG_WARN_DOCUMENTATION_COMMENTS = YES;
				CLANG_WARN_EMPTY_BODY = YES;
				CLANG_WARN_ENUM_CONVERSION = YES;
				CLANG_WARN_INFINITE_RECURSION = YES;
				CLANG_WARN_INT_CONVERSION = YES;
				CLANG_WARN_NON_LITERAL_NULL_CONVERSION = YES;
				CLANG_WARN_OBJC_IMPLICIT_RETAIN_SELF = YES;
				CLANG_WARN_OBJC_LITERAL_CONVERSION = YES;
				CLANG_WARN_OBJC_ROOT_CLASS = YES_ERROR;
				CLANG_WARN_QUOTED_INCLUDE_IN_FRAMEWORK_HEADER = YES;
				CLANG_WARN_RANGE_LOOP_ANALYSIS = YES;
				CLANG_WARN_STRICT_PROTOTYPES = YES;
				CLANG_WARN_SUSPICIOUS_MOVE = YES;
				CLANG_WARN_UNGUARDED_AVAILABILITY = YES_AGGRESSIVE;
				CLANG_WARN_UNREACHABLE_CODE = YES;
				CLANG_WARN__DUPLICATE_METHOD_MATCH = YES;
				COPY_PHASE_STRIP = NO;
				DEBUG_INFORMATION_FORMAT = dwarf;
				DEVELOPMENT_TEAM = W789NL5986;
				ENABLE_STRICT_OBJC_MSGSEND = YES;
				ENABLE_TESTABILITY = YES;
				ENABLE_USER_SCRIPT_SANDBOXING = YES;
				GCC_C_LANGUAGE_STANDARD = gnu17;
				GCC_DYNAMIC_NO_PIC = NO;
				GCC_NO_COMMON_BLOCKS = YES;
				GCC_OPTIMIZATION_LEVEL = 0;
				GCC_PREPROCESSOR_DEFINITIONS = (
					"DEBUG=1",
					"$(inherited)",
				);
				GCC_WARN_64_TO_32_BIT_CONVERSION = YES;
				GCC_WARN_ABOUT_RETURN_TYPE = YES_ERROR;
				GCC_WARN_UNDECLARED_SELECTOR = YES;
				GCC_WARN_UNINITIALIZED_AUTOS = YES_AGGRESSIVE;
				GCC_WARN_UNUSED_FUNCTION = YES;
				GCC_WARN_UNUSED_VARIABLE = YES;
				IPHONEOS_DEPLOYMENT_TARGET = 26.2;
				LOCALIZATION_PREFERS_STRING_CATALOGS = YES;
				MTL_ENABLE_DEBUG_INFO = INCLUDE_SOURCE;
				MTL_FAST_MATH = YES;
				ONLY_ACTIVE_ARCH = YES;
				SDKROOT = iphoneos;
				SWIFT_ACTIVE_COMPILATION_CONDITIONS = "DEBUG $(inherited)";
				SWIFT_OPTIMIZATION_LEVEL = "-Onone";
			};
			name = Debug;
		};
		4C114B562FAA163900C84F7C /* Release */ = {
			isa = XCBuildConfiguration;
			buildSettings = {
				ALWAYS_SEARCH_USER_PATHS = NO;
				ASSETCATALOG_COMPILER_GENERATE_SWIFT_ASSET_SYMBOL_EXTENSIONS = YES;
				CLANG_ANALYZER_NONNULL = YES;
				CLANG_ANALYZER_NUMBER_OBJECT_CONVERSION = YES_AGGRESSIVE;
				CLANG_CXX_LANGUAGE_STANDARD = "gnu++20";
				CLANG_ENABLE_MODULES = YES;
				CLANG_ENABLE_OBJC_ARC = YES;
				CLANG_ENABLE_OBJC_WEAK = YES;
				CLANG_WARN_BLOCK_CAPTURE_AUTORELEASING = YES;
				CLANG_WARN_BOOL_CONVERSION = YES;
				CLANG_WARN_COMMA = YES;
				CLANG_WARN_CONSTANT_CONVERSION = YES;
				CLANG_WARN_DEPRECATED_OBJC_IMPLEMENTATIONS = YES;
				CLANG_WARN_DIRECT_OBJC_ISA_USAGE = YES_ERROR;
				CLANG_WARN_DOCUMENTATION_COMMENTS = YES;
				CLANG_WARN_EMPTY_BODY = YES;
				CLANG_WARN_ENUM_CONVERSION = YES;
				CLANG_WARN_INFINITE_RECURSION = YES;
				CLANG_WARN_INT_CONVERSION = YES;
				CLANG_WARN_NON_LITERAL_NULL_CONVERSION = YES;
				CLANG_WARN_OBJC_IMPLICIT_RETAIN_SELF = YES;
				CLANG_WARN_OBJC_LITERAL_CONVERSION = YES;
				CLANG_WARN_OBJC_ROOT_CLASS = YES_ERROR;
				CLANG_WARN_QUOTED_INCLUDE_IN_FRAMEWORK_HEADER = YES;
				CLANG_WARN_RANGE_LOOP_ANALYSIS = YES;
				CLANG_WARN_STRICT_PROTOTYPES = YES;
				CLANG_WARN_SUSPICIOUS_MOVE = YES;
				CLANG_WARN_UNGUARDED_AVAILABILITY = YES_AGGRESSIVE;
				CLANG_WARN_UNREACHABLE_CODE = YES;
				CLANG_WARN__DUPLICATE_METHOD_MATCH = YES;
				COPY_PHASE_STRIP = NO;
				DEBUG_INFORMATION_FORMAT = "dwarf-with-dsym";
				DEVELOPMENT_TEAM = W789NL5986;
				ENABLE_NS_ASSERTIONS = NO;
				ENABLE_STRICT_OBJC_MSGSEND = YES;
				ENABLE_USER_SCRIPT_SANDBOXING = YES;
				GCC_C_LANGUAGE_STANDARD = gnu17;
				GCC_NO_COMMON_BLOCKS = YES;
				GCC_WARN_64_TO_32_BIT_CONVERSION = YES;
				GCC_WARN_ABOUT_RETURN_TYPE = YES_ERROR;
				GCC_WARN_UNDECLARED_SELECTOR = YES;
				GCC_WARN_UNINITIALIZED_AUTOS = YES_AGGRESSIVE;
				GCC_WARN_UNUSED_FUNCTION = YES;
				GCC_WARN_UNUSED_VARIABLE = YES;
				IPHONEOS_DEPLOYMENT_TARGET = 26.2;
				LOCALIZATION_PREFERS_STRING_CATALOGS = YES;
				MTL_ENABLE_DEBUG_INFO = NO;
				MTL_FAST_MATH = YES;
				SDKROOT = iphoneos;
				SWIFT_COMPILATION_MODE = wholemodule;
				VALIDATE_PRODUCT = YES;
			};
			name = Release;
		};
		4C114B582FAA163900C84F7C /* Debug */ = {
			isa = XCBuildConfiguration;
			buildSettings = {
				ASSETCATALOG_COMPILER_APPICON_NAME = AppIcon;
				ASSETCATALOG_COMPILER_GLOBAL_ACCENT_COLOR_NAME = AccentColor;
				CODE_SIGN_ENTITLEMENTS = GroupIn/GroupIn.entitlements;
				CODE_SIGN_STYLE = Automatic;
				CURRENT_PROJECT_VERSION = 10;
				DEVELOPMENT_TEAM = W789NL5986;
				ENABLE_PREVIEWS = YES;
				GENERATE_INFOPLIST_FILE = YES;
				INFOPLIST_FILE = GroupIn/Info.plist;
				INFOPLIST_KEY_ITSAppUsesNonExemptEncryption = NO;
				INFOPLIST_KEY_NSBluetoothAlwaysUsageDescription = "GroupIn uses Bluetooth to find nearby group members when the internet isn't available.";
				INFOPLIST_KEY_NSCameraUsageDescription = "GroupIn uses the camera to scan invite QR codes and to take a new profile photo.";
				INFOPLIST_KEY_NSHealthShareUsageDescription = "GroupIn can use your motion and step data to improve indoor direction-finding when GPS isn't available. This is optional and only requested if you turn on indoor compass enhancements.";
				INFOPLIST_KEY_NSHealthUpdateUsageDescription = "GroupIn can log an opt-in activity session for the times you actively used the app. This is disabled by default and never writes Health data without your permission.";
				INFOPLIST_KEY_NSLocalNetworkUsageDescription = "GroupIn uses your local network to exchange chat and group activity directly with nearby members, with no servers in between.";
				INFOPLIST_KEY_NSLocationAlwaysAndWhenInUseUsageDescription = "GroupIn shares your location with members of your groups so you can find each other in real time. Sharing keeps running while you have any active group, and stops automatically when you leave them all.";
				INFOPLIST_KEY_NSLocationWhenInUseUsageDescription = "GroupIn shares your location with members of your group so you can keep an eye on each other.";
				INFOPLIST_KEY_NSMotionUsageDescription = "GroupIn detects when you're sitting still so it can save battery by reducing GPS accuracy. Sharing keeps working — it just costs less power.";
				INFOPLIST_KEY_NSNearbyInteractionUsageDescription = "GroupIn uses Ultra Wideband to point you exactly at the friend you're trying to find — same technology as Find My Precision Finding.";
				INFOPLIST_KEY_UIApplicationSceneManifest_Generation = YES;
				INFOPLIST_KEY_UIApplicationSupportsIndirectInputEvents = YES;
				INFOPLIST_KEY_UILaunchScreen_Generation = YES;
				INFOPLIST_KEY_UISupportedInterfaceOrientations_iPad = "UIInterfaceOrientationPortrait UIInterfaceOrientationPortraitUpsideDown UIInterfaceOrientationLandscapeLeft UIInterfaceOrientationLandscapeRight";
				INFOPLIST_KEY_UISupportedInterfaceOrientations_iPhone = "UIInterfaceOrientationPortrait UIInterfaceOrientationLandscapeLeft UIInterfaceOrientationLandscapeRight";
				IPHONEOS_DEPLOYMENT_TARGET = 17.6;
				LD_RUNPATH_SEARCH_PATHS = (
					"$(inherited)",
					"@executable_path/Frameworks",
				);
				MARKETING_VERSION = 1.0;
				PRODUCT_BUNDLE_IDENTIFIER = com.NDE.GroupIn;
				PRODUCT_NAME = "$(TARGET_NAME)";
				STRING_CATALOG_GENERATE_SYMBOLS = YES;
				SWIFT_APPROACHABLE_CONCURRENCY = YES;
				SWIFT_DEFAULT_ACTOR_ISOLATION = MainActor;
				SWIFT_EMIT_LOC_STRINGS = YES;
				SWIFT_UPCOMING_FEATURE_MEMBER_IMPORT_VISIBILITY = YES;
				SWIFT_VERSION = 5.0;
				TARGETED_DEVICE_FAMILY = "1,2";
			};
			name = Debug;
		};
		4C114B592FAA163900C84F7C /* Release */ = {
			isa = XCBuildConfiguration;
			buildSettings = {
				ASSETCATALOG_COMPILER_APPICON_NAME = AppIcon;
				ASSETCATALOG_COMPILER_GLOBAL_ACCENT_COLOR_NAME = AccentColor;
				CODE_SIGN_ENTITLEMENTS = GroupIn/GroupIn.entitlements;
				CODE_SIGN_STYLE = Automatic;
				CURRENT_PROJECT_VERSION = 10;
				DEVELOPMENT_TEAM = W789NL5986;
				ENABLE_PREVIEWS = YES;
				GENERATE_INFOPLIST_FILE = YES;
				INFOPLIST_FILE = GroupIn/Info.plist;
				INFOPLIST_KEY_ITSAppUsesNonExemptEncryption = NO;
				INFOPLIST_KEY_NSBluetoothAlwaysUsageDescription = "GroupIn uses Bluetooth to find nearby group members when the internet isn't available.";
				INFOPLIST_KEY_NSCameraUsageDescription = "GroupIn uses the camera to scan invite QR codes and to take a new profile photo.";
				INFOPLIST_KEY_NSHealthShareUsageDescription = "GroupIn can use your motion and step data to improve indoor direction-finding when GPS isn't available. This is optional and only requested if you turn on indoor compass enhancements.";
				INFOPLIST_KEY_NSHealthUpdateUsageDescription = "GroupIn can log an opt-in activity session for the times you actively used the app. This is disabled by default and never writes Health data without your permission.";
				INFOPLIST_KEY_NSLocalNetworkUsageDescription = "GroupIn uses your local network to exchange chat and group activity directly with nearby members, with no servers in between.";
				INFOPLIST_KEY_NSLocationAlwaysAndWhenInUseUsageDescription = "GroupIn shares your location with members of your groups so you can find each other in real time. Sharing keeps running while you have any active group, and stops automatically when you leave them all.";
				INFOPLIST_KEY_NSLocationWhenInUseUsageDescription = "GroupIn shares your location with members of your group so you can keep an eye on each other.";
				INFOPLIST_KEY_NSMotionUsageDescription = "GroupIn detects when you're sitting still so it can save battery by reducing GPS accuracy. Sharing keeps working — it just costs less power.";
				INFOPLIST_KEY_NSNearbyInteractionUsageDescription = "GroupIn uses Ultra Wideband to point you exactly at the friend you're trying to find — same technology as Find My Precision Finding.";
				INFOPLIST_KEY_UIApplicationSceneManifest_Generation = YES;
				INFOPLIST_KEY_UIApplicationSupportsIndirectInputEvents = YES;
				INFOPLIST_KEY_UILaunchScreen_Generation = YES;
				INFOPLIST_KEY_UISupportedInterfaceOrientations_iPad = "UIInterfaceOrientationPortrait UIInterfaceOrientationPortraitUpsideDown UIInterfaceOrientationLandscapeLeft UIInterfaceOrientationLandscapeRight";
				INFOPLIST_KEY_UISupportedInterfaceOrientations_iPhone = "UIInterfaceOrientationPortrait UIInterfaceOrientationLandscapeLeft UIInterfaceOrientationLandscapeRight";
				IPHONEOS_DEPLOYMENT_TARGET = 17.6;
				LD_RUNPATH_SEARCH_PATHS = (
					"$(inherited)",
					"@executable_path/Frameworks",
				);
				MARKETING_VERSION = 1.0;
				PRODUCT_BUNDLE_IDENTIFIER = com.NDE.GroupIn;
				PRODUCT_NAME = "$(TARGET_NAME)";
				STRING_CATALOG_GENERATE_SYMBOLS = YES;
				SWIFT_APPROACHABLE_CONCURRENCY = YES;
				SWIFT_DEFAULT_ACTOR_ISOLATION = MainActor;
				SWIFT_EMIT_LOC_STRINGS = YES;
				SWIFT_UPCOMING_FEATURE_MEMBER_IMPORT_VISIBILITY = YES;
				SWIFT_VERSION = 5.0;
				TARGETED_DEVICE_FAMILY = "1,2";
			};
			name = Release;
		};
/* End XCBuildConfiguration section */

/* Begin XCConfigurationList section */
		4C114B472FAA163800C84F7C /* Build configuration list for PBXProject "GroupIn" */ = {
			isa = XCConfigurationList;
			buildConfigurations = (
				4C114B552FAA163900C84F7C /* Debug */,
				4C114B562FAA163900C84F7C /* Release */,
			);
			defaultConfigurationIsVisible = 0;
			defaultConfigurationName = Release;
		};
		4C114B572FAA163900C84F7C /* Build configuration list for PBXNativeTarget "GroupIn" */ = {
			isa = XCConfigurationList;
			buildConfigurations = (
				4C114B582FAA163900C84F7C /* Debug */,
				4C114B592FAA163900C84F7C /* Release */,
			);
			defaultConfigurationIsVisible = 0;
			defaultConfigurationName = Release;
		};
/* End XCConfigurationList section */

/* Begin XCRemoteSwiftPackageReference section */
		4C9802412FB3833500D42DCC /* XCRemoteSwiftPackageReference "maplibre-native-distribution" */ = {
			isa = XCRemoteSwiftPackageReference;
			repositoryURL = "https://github.com/maplibre/maplibre-native-distribution";
			requirement = {
				kind = upToNextMajorVersion;
				minimumVersion = 6.26.0;
			};
		};
/* End XCRemoteSwiftPackageReference section */

/* Begin XCSwiftPackageProductDependency section */
		4C9802422FB3833500D42DCC /* MapLibre */ = {
			isa = XCSwiftPackageProductDependency;
			package = 4C9802412FB3833500D42DCC /* XCRemoteSwiftPackageReference "maplibre-native-distribution" */;
			productName = MapLibre;
		};
/* End XCSwiftPackageProductDependency section */
	};
	rootObject = 4C114B442FAA163800C84F7C /* Project object */;
}
